
Microsoft Visual Studio Solution File, Format Version 12.00
# Visual Studio Version 17
VisualStudioVersion = 17.9.34723.18
MinimumVisualStudioVersion = 10.0.40219.1
Project("{9A19103F-16F7-4668-BE54-9A1E7A4F7556}") = "AngularDashboardSPA.Server", "AngularDashboardSPA.Server\AngularDashboardSPA.Server.csproj", "{BA4E203C-6FA7-4C03-8946-8A8355D9A6D4}"
EndProject
Project("{54A90642-561A-4BB1-A94E-469ADEE60C69}") = "angulardashboardspa.client", "angulardashboardspa.client\angulardashboardspa.client.esproj", "{ECE97B28-F28C-4835-A5C7-4FA8015D7E59}"
EndProject
Project("{9A19103F-16F7-4668-BE54-9A1E7A4F7556}") = "AngularDashboardSPA.Common", "AngularDashboardSPA.Repository\AngularDashboardSPA.Common.csproj", "{99AF82F9-C6DB-4BB5-9492-2A77E764C268}"
EndProject
Project("{9A19103F-16F7-4668-BE54-9A1E7A4F7556}") = "AngularDashboardSPA.Service", "AngularDashboardSPA.Service\AngularDashboardSPA.Service.csproj", "{C0A5AB82-0D29-4F6B-AD96-B414FEEAD636}"
EndProject
Project("{9A19103F-16F7-4668-BE54-9A1E7A4F7556}") = "AngularDashboardSPA.DAL", "AngularDashboardSPA.DAL\AngularDashboardSPA.DAL.csproj", "{893AC0B9-2453-4532-9877-6E17A33EC4F2}"
EndProject
Global
	GlobalSection(SolutionConfigurationPlatforms) = preSolution
		Debug|Any CPU = Debug|Any CPU
		Release|Any CPU = Release|Any CPU
	EndGlobalSection
	GlobalSection(ProjectConfigurationPlatforms) = postSolution
		{BA4E203C-6FA7-4C03-8946-8A8355D9A6D4}.Debug|Any CPU.ActiveCfg = Debug|Any CPU
		{BA4E203C-6FA7-4C03-8946-8A8355D9A6D4}.Debug|Any CPU.Build.0 = Debug|Any CPU
		{BA4E203C-6FA7-4C03-8946-8A8355D9A6D4}.Release|Any CPU.ActiveCfg = Release|Any CPU
		{BA4E203C-6FA7-4C03-8946-8A8355D9A6D4}.Release|Any CPU.Build.0 = Release|Any CPU
		{ECE97B28-F28C-4835-A5C7-4FA8015D7E59}.Debug|Any CPU.ActiveCfg = Debug|Any CPU
		{ECE97B28-F28C-4835-A5C7-4FA8015D7E59}.Debug|Any CPU.Build.0 = Debug|Any CPU
		{ECE97B28-F28C-4835-A5C7-4FA8015D7E59}.Debug|Any CPU.Deploy.0 = Debug|Any CPU
		{ECE97B28-F28C-4835-A5C7-4FA8015D7E59}.Release|Any CPU.ActiveCfg = Release|Any CPU
		{ECE97B28-F28C-4835-A5C7-4FA8015D7E59}.Release|Any CPU.Build.0 = Release|Any CPU
		{ECE97B28-F28C-4835-A5C7-4FA8015D7E59}.Release|Any CPU.Deploy.0 = Release|Any CPU
		{99AF82F9-C6DB-4BB5-9492-2A77E764C268}.Debug|Any CPU.ActiveCfg = Debug|Any CPU
		{99AF82F9-C6DB-4BB5-9492-2A77E764C268}.Debug|Any CPU.Build.0 = Debug|Any CPU
		{99AF82F9-C6DB-4BB5-9492-2A77E764C268}.Release|Any CPU.ActiveCfg = Release|Any CPU
		{99AF82F9-C6DB-4BB5-9492-2A77E764C268}.Release|Any CPU.Build.0 = Release|Any CPU
		{C0A5AB82-0D29-4F6B-AD96-B414FEEAD636}.Debug|Any CPU.ActiveCfg = Debug|Any CPU
		{C0A5AB82-0D29-4F6B-AD96-B414FEEAD636}.Debug|Any CPU.Build.0 = Debug|Any CPU
		{C0A5AB82-0D29-4F6B-AD96-B414FEEAD636}.Release|Any CPU.ActiveCfg = Release|Any CPU
		{C0A5AB82-0D29-4F6B-AD96-B414FEEAD636}.Release|Any CPU.Build.0 = Release|Any CPU
		{893AC0B9-2453-4532-9877-6E17A33EC4F2}.Debug|Any CPU.ActiveCfg = Debug|Any CPU
		{893AC0B9-2453-4532-9877-6E17A33EC4F2}.Debug|Any CPU.Build.0 = Debug|Any CPU
		{893AC0B9-2453-4532-9877-6E17A33EC4F2}.Release|Any CPU.ActiveCfg = Release|Any CPU
		{893AC0B9-2453-4532-9877-6E17A33EC4F2}.Release|Any CPU.Build.0 = Release|Any CPU
	EndGlobalSection
	GlobalSection(SolutionProperties) = preSolution
		HideSolutionNode = FALSE
	EndGlobalSection
	GlobalSection(ExtensibilityGlobals) = postSolution
		SolutionGuid = {F71DFAA8-5086-4E94-A5FA-43C912202DDB}
	EndGlobalSection
EndGlobal
